
Microsoft Visual Studio Solution File, Format Version 12.00
# Visual Studio Version 16
VisualStudioVersion = 16.0.32228.343
MinimumVisualStudioVersion = 10.0.40219.1
Project("{FAE04EC0-301F-11D3-BF4B-00C04F79EFBC}") = "Paket_Barkod_Kontrol", "Paket_Barkod_Kontrol.csproj", "{9100D84D-6024-4CD5-B4AD-E96A6A026822}"
EndProject
Global
	GlobalSection(SolutionConfigurationPlatforms) = preSolution
		Debug|Any CPU = Debug|Any CPU
		Release|Any CPU = Release|Any CPU
	EndGlobalSection
	GlobalSection(ProjectConfigurationPlatforms) = postSolution
		{9100D84D-6024-4CD5-B4AD-E96A6A026822}.Debug|Any CPU.ActiveCfg = Debug|Any CPU
		{9100D84D-6024-4CD5-B4AD-E96A6A026822}.Debug|Any CPU.Build.0 = Debug|Any CPU
		{9100D84D-6024-4CD5-B4AD-E96A6A026822}.Release|Any CPU.ActiveCfg = Release|Any CPU
		{9100D84D-6024-4CD5-B4AD-E96A6A026822}.Release|Any CPU.Build.0 = Release|Any CPU
	EndGlobalSection
	GlobalSection(SolutionProperties) = preSolution
		HideSolutionNode = FALSE
	EndGlobalSection
	GlobalSection(ExtensibilityGlobals) = postSolution
		SolutionGuid = {829CD3A2-108B-4BE6-9AE7-54B7FF3EABE0}
	EndGlobalSection
EndGlobal
